
Microsoft Visual Studio Solution File, Format Version 12.00
# Visual Studio 14
VisualStudioVersion = 14.0.25420.1
MinimumVisualStudioVersion = 10.0.40219.1
Project("{FAE04EC0-301F-11D3-BF4B-00C04F79EFBC}") = "Galagram", "Galagram\Galagram.csproj", "{CC1DE968-D54C-477D-AE40-C0DE14B19731}"
EndProject
Project("{FAE04EC0-301F-11D3-BF4B-00C04F79EFBC}") = "Core", "Core\Core.csproj", "{A5D47A88-ABDD-4AD3-806F-ED0703B0FEDA}"
EndProject
Project("{FAE04EC0-301F-11D3-BF4B-00C04F79EFBC}") = "DataAccess", "DataAccess\DataAccess.csproj", "{A45E7081-B247-42AE-B58D-AD90539E2863}"
EndProject
Project("{FAE04EC0-301F-11D3-BF4B-00C04F79EFBC}") = "UnitTest", "UnitTest\UnitTest.csproj", "{97C241AF-25F0-4BB9-BA73-B9B01CC455CA}"
EndProject
Project("{FAE04EC0-301F-11D3-BF4B-00C04F79EFBC}") = "ViewModel", "ViewModel\ViewModel.csproj", "{854F90F9-41CD-4642-91CA-E254E7E89DB6}"
EndProject
Global
	GlobalSection(SolutionConfigurationPlatforms) = preSolution
		Debug|Any CPU = Debug|Any CPU
		Release|Any CPU = Release|Any CPU
	EndGlobalSection
	GlobalSection(ProjectConfigurationPlatforms) = postSolution
		{CC1DE968-D54C-477D-AE40-C0DE14B19731}.Debug|Any CPU.ActiveCfg = Debug|Any CPU
		{CC1DE968-D54C-477D-AE40-C0DE14B19731}.Debug|Any CPU.Build.0 = Debug|Any CPU
		{CC1DE968-D54C-477D-AE40-C0DE14B19731}.Release|Any CPU.ActiveCfg = Release|Any CPU
		{CC1DE968-D54C-477D-AE40-C0DE14B19731}.Release|Any CPU.Build.0 = Release|Any CPU
		{A5D47A88-ABDD-4AD3-806F-ED0703B0FEDA}.Debug|Any CPU.ActiveCfg = Debug|Any CPU
		{A5D47A88-ABDD-4AD3-806F-ED0703B0FEDA}.Debug|Any CPU.Build.0 = Debug|Any CPU
		{A5D47A88-ABDD-4AD3-806F-ED0703B0FEDA}.Release|Any CPU.ActiveCfg = Release|Any CPU
		{A5D47A88-ABDD-4AD3-806F-ED0703B0FEDA}.Release|Any CPU.Build.0 = Release|Any CPU
		{A45E7081-B247-42AE-B58D-AD90539E2863}.Debug|Any CPU.ActiveCfg = Debug|Any CPU
		{A45E7081-B247-42AE-B58D-AD90539E2863}.Debug|Any CPU.Build.0 = Debug|Any CPU
		{A45E7081-B247-42AE-B58D-AD90539E2863}.Release|Any CPU.ActiveCfg = Release|Any CPU
		{A45E7081-B247-42AE-B58D-AD90539E2863}.Release|Any CPU.Build.0 = Release|Any CPU
		{97C241AF-25F0-4BB9-BA73-B9B01CC455CA}.Debug|Any CPU.ActiveCfg = Debug|Any CPU
		{97C241AF-25F0-4BB9-BA73-B9B01CC455CA}.Debug|Any CPU.Build.0 = Debug|Any CPU
		{97C241AF-25F0-4BB9-BA73-B9B01CC455CA}.Release|Any CPU.ActiveCfg = Release|Any CPU
		{97C241AF-25F0-4BB9-BA73-B9B01CC455CA}.Release|Any CPU.Build.0 = Release|Any CPU
		{854F90F9-41CD-4642-91CA-E254E7E89DB6}.Debug|Any CPU.ActiveCfg = Debug|Any CPU
		{854F90F9-41CD-4642-91CA-E254E7E89DB6}.Debug|Any CPU.Build.0 = Debug|Any CPU
		{854F90F9-41CD-4642-91CA-E254E7E89DB6}.Release|Any CPU.ActiveCfg = Release|Any CPU
		{854F90F9-41CD-4642-91CA-E254E7E89DB6}.Release|Any CPU.Build.0 = Release|Any CPU
	EndGlobalSection
	GlobalSection(SolutionProperties) = preSolution
		HideSolutionNode = FALSE
	EndGlobalSection
EndGlobal
